
Microsoft Visual Studio Solution File, Format Version 11.00
# Visual Studio 2010
Project("{F184B08F-C81C-45F6-A57F-5ABD9991F28F}") = "PersistenciaSeñalizacion", "PersistenciaSeñalizacion\PersistenciaSeñalizacion.vbproj", "{C5C421C9-D034-4F0F-86F9-C2AA5A4EB833}"
EndProject
Global
	GlobalSection(SubversionScc) = preSolution
		Svn-Managed = True
		Manager = AnkhSVN - Subversion Support for Visual Studio
	EndGlobalSection
	GlobalSection(SolutionConfigurationPlatforms) = preSolution
		Debug|Any CPU = Debug|Any CPU
		Release|Any CPU = Release|Any CPU
	EndGlobalSection
	GlobalSection(ProjectConfigurationPlatforms) = postSolution
		{C5C421C9-D034-4F0F-86F9-C2AA5A4EB833}.Debug|Any CPU.ActiveCfg = Debug|Any CPU
		{C5C421C9-D034-4F0F-86F9-C2AA5A4EB833}.Debug|Any CPU.Build.0 = Debug|Any CPU
		{C5C421C9-D034-4F0F-86F9-C2AA5A4EB833}.Release|Any CPU.ActiveCfg = Release|Any CPU
		{C5C421C9-D034-4F0F-86F9-C2AA5A4EB833}.Release|Any CPU.Build.0 = Release|Any CPU
	EndGlobalSection
	GlobalSection(SolutionProperties) = preSolution
		HideSolutionNode = FALSE
	EndGlobalSection
EndGlobal
